// !$*UTF8*$!
{
	archiveVersion = 1;
	classes = {
	};
	objectVersion = 46;
	objects = {

/* Begin PBXBuildFile section */
		8D8CAB8E1A60110E008BE290 /* AppDelegate.swift in Sources */ = {isa = PBXBuildFile; fileRef = 8D8CAB8D1A60110E008BE290 /* AppDelegate.swift */; };
		8D8CAB901A60110E008BE290 /* MasterViewController.swift in Sources */ = {isa = PBXBuildFile; fileRef = 8D8CAB8F1A60110E008BE290 /* MasterViewController.swift */; };
		8D8CAB921A60110E008BE290 /* DetailViewController.swift in Sources */ = {isa = PBXBuildFile; fileRef = 8D8CAB911A60110E008BE290 /* DetailViewController.swift */; };
		8D8CAB951A60110E008BE290 /* Main.storyboard in Resources */ = {isa = PBXBuildFile; fileRef = 8D8CAB931A60110E008BE290 /* Main.storyboard */; };
		8D8CAB971A60110E008BE290 /* Images.xcassets in Resources */ = {isa = PBXBuildFile; fileRef = 8D8CAB961A60110E008BE290 /* Images.xcassets */; };
		8D8CAB9A1A60110E008BE290 /* LaunchScreen.xib in Resources */ = {isa = PBXBuildFile; fileRef = 8D8CAB981A60110E008BE290 /* LaunchScreen.xib */; };
		8D8CABA61A60110E008BE290 /* DiffableArrayTests.swift in Sources */ = {isa = PBXBuildFile; fileRef = 8D8CABA51A60110E008BE290 /* DiffableArrayTests.swift */; };
		8D8CABB11A60118C008BE290 /* DiffableArray.swift in Sources */ = {isa = PBXBuildFile; fileRef = 8D8CABB01A60118C008BE290 /* DiffableArray.swift */; };
		8D8CABB21A60119A008BE290 /* DiffableArray.swift in Sources */ = {isa = PBXBuildFile; fileRef = 8D8CABB01A60118C008BE290 /* DiffableArray.swift */; };
/* End PBXBuildFile section */

/* Begin PBXContainerItemProxy section */
		8D8CABA01A60110E008BE290 /* PBXContainerItemProxy */ = {
			isa = PBXContainerItemProxy;
			containerPortal = 8D8CAB801A60110E008BE290 /* Project object */;
			proxyType = 1;
			remoteGlobalIDString = 8D8CAB871A60110E008BE290;
			remoteInfo = DiffableArray;
		};
/* End PBXContainerItemProxy section */

/* Begin PBXFileReference section */
		8D8CAB881A60110E008BE290 /* DiffableArray.app */ = {isa = PBXFileReference; explicitFileType = wrapper.application; includeInIndex = 0; path = DiffableArray.app; sourceTree = BUILT_PRODUCTS_DIR; };
		8D8CAB8C1A60110E008BE290 /* Info.plist */ = {isa = PBXFileReference; lastKnownFileType = text.plist.xml; path = Info.plist; sourceTree = "<group>"; };
		8D8CAB8D1A60110E008BE290 /* AppDelegate.swift */ = {isa = PBXFileReference; lastKnownFileType = sourcecode.swift; path = AppDelegate.swift; sourceTree = "<group>"; };
		8D8CAB8F1A60110E008BE290 /* MasterViewController.swift */ = {isa = PBXFileReference; lastKnownFileType = sourcecode.swift; path = MasterViewController.swift; sourceTree = "<group>"; };
		8D8CAB911A60110E008BE290 /* DetailViewController.swift */ = {isa = PBXFileReference; lastKnownFileType = sourcecode.swift; path = DetailViewController.swift; sourceTree = "<group>"; };
		8D8CAB941A60110E008BE290 /* Base */ = {isa = PBXFileReference; lastKnownFileType = file.storyboard; name = Base; path = Base.lproj/Main.storyboard; sourceTree = "<group>"; };
		8D8CAB961A60110E008BE290 /* Images.xcassets */ = {isa = PBXFileReference; lastKnownFileType = folder.assetcatalog; path = Images.xcassets; sourceTree = "<group>"; };
		8D8CAB991A60110E008BE290 /* Base */ = {isa = PBXFileReference; lastKnownFileType = file.xib; name = Base; path = Base.lproj/LaunchScreen.xib; sourceTree = "<group>"; };
		8D8CAB9F1A60110E008BE290 /* DiffableArrayTests.xctest */ = {isa = PBXFileReference; explicitFileType = wrapper.cfbundle; includeInIndex = 0; path = DiffableArrayTests.xctest; sourceTree = BUILT_PRODUCTS_DIR; };
		8D8CABA41A60110E008BE290 /* Info.plist */ = {isa = PBXFileReference; lastKnownFileType = text.plist.xml; path = Info.plist; sourceTree = "<group>"; };
		8D8CABA51A60110E008BE290 /* DiffableArrayTests.swift */ = {isa = PBXFileReference; lastKnownFileType = sourcecode.swift; path = DiffableArrayTests.swift; sourceTree = "<group>"; };
		8D8CABB01A60118C008BE290 /* DiffableArray.swift */ = {isa = PBXFileReference; fileEncoding = 4; lastKnownFileType = sourcecode.swift; path = DiffableArray.swift; sourceTree = "<group>"; };
/* End PBXFileReference section */

/* Begin PBXFrameworksBuildPhase section */
		8D8CAB851A60110E008BE290 /* Frameworks */ = {
			isa = PBXFrameworksBuildPhase;
			buildActionMask = 2147483647;
			files = (
			);
			runOnlyForDeploymentPostprocessing = 0;
		};
		8D8CAB9C1A60110E008BE290 /* Frameworks */ = {
			isa = PBXFrameworksBuildPhase;
			buildActionMask = 2147483647;
			files = (
			);
			runOnlyForDeploymentPostprocessing = 0;
		};
/* End PBXFrameworksBuildPhase section */

/* Begin PBXGroup section */
		8D8CAB7F1A60110E008BE290 = {
			isa = PBXGroup;
			children = (
				8D8CABAF1A60116C008BE290 /* DiffableArray */,
				8D8CAB8A1A60110E008BE290 /* DiffableArraySample */,
				8D8CABA21A60110E008BE290 /* DiffableArrayTests */,
				8D8CAB891A60110E008BE290 /* Products */,
			);
			sourceTree = "<group>";
		};
		8D8CAB891A60110E008BE290 /* Products */ = {
			isa = PBXGroup;
			children = (
				8D8CAB881A60110E008BE290 /* DiffableArray.app */,
				8D8CAB9F1A60110E008BE290 /* DiffableArrayTests.xctest */,
			);
			name = Products;
			sourceTree = "<group>";
		};
		8D8CAB8A1A60110E008BE290 /* DiffableArraySample */ = {
			isa = PBXGroup;
			children = (
				8D8CAB8D1A60110E008BE290 /* AppDelegate.swift */,
				8D8CAB8F1A60110E008BE290 /* MasterViewController.swift */,
				8D8CAB911A60110E008BE290 /* DetailViewController.swift */,
				8D8CAB931A60110E008BE290 /* Main.storyboard */,
				8D8CAB961A60110E008BE290 /* Images.xcassets */,
				8D8CAB981A60110E008BE290 /* LaunchScreen.xib */,
				8D8CAB8B1A60110E008BE290 /* Supporting Files */,
			);
			path = DiffableArraySample;
			sourceTree = "<group>";
		};
		8D8CAB8B1A60110E008BE290 /* Supporting Files */ = {
			isa = PBXGroup;
			children = (
				8D8CAB8C1A60110E008BE290 /* Info.plist */,
			);
			name = "Supporting Files";
			sourceTree = "<group>";
		};
		8D8CABA21A60110E008BE290 /* DiffableArrayTests */ = {
			isa = PBXGroup;
			children = (
				8D8CABA51A60110E008BE290 /* DiffableArrayTests.swift */,
				8D8CABA31A60110E008BE290 /* Supporting Files */,
			);
			path = DiffableArrayTests;
			sourceTree = "<group>";
		};
		8D8CABA31A60110E008BE290 /* Supporting Files */ = {
			isa = PBXGroup;
			children = (
				8D8CABA41A60110E008BE290 /* Info.plist */,
			);
			name = "Supporting Files";
			sourceTree = "<group>";
		};
		8D8CABAF1A60116C008BE290 /* DiffableArray */ = {
			isa = PBXGroup;
			children = (
				8D8CABB01A60118C008BE290 /* DiffableArray.swift */,
			);
			name = DiffableArray;
			sourceTree = "<group>";
		};
/* End PBXGroup section */

/* Begin PBXNativeTarget section */
		8D8CAB871A60110E008BE290 /* DiffableArray */ = {
			isa = PBXNativeTarget;
			buildConfigurationList = 8D8CABA91A60110E008BE290 /* Build configuration list for PBXNativeTarget "DiffableArray" */;
			buildPhases = (
				8D8CAB841A60110E008BE290 /* Sources */,
				8D8CAB851A60110E008BE290 /* Frameworks */,
				8D8CAB861A60110E008BE290 /* Resources */,
			);
			buildRules = (
			);
			dependencies = (
			);
			name = DiffableArray;
			productName = DiffableArray;
			productReference = 8D8CAB881A60110E008BE290 /* DiffableArray.app */;
			productType = "com.apple.product-type.application";
		};
		8D8CAB9E1A60110E008BE290 /* DiffableArrayTests */ = {
			isa = PBXNativeTarget;
			buildConfigurationList = 8D8CABAC1A60110E008BE290 /* Build configuration list for PBXNativeTarget "DiffableArrayTests" */;
			buildPhases = (
				8D8CAB9B1A60110E008BE290 /* Sources */,
				8D8CAB9C1A60110E008BE290 /* Frameworks */,
				8D8CAB9D1A60110E008BE290 /* Resources */,
			);
			buildRules = (
			);
			dependencies = (
				8D8CABA11A60110E008BE290 /* PBXTargetDependency */,
			);
			name = DiffableArrayTests;
			productName = DiffableArrayTests;
			productReference = 8D8CAB9F1A60110E008BE290 /* DiffableArrayTests.xctest */;
			productType = "com.apple.product-type.bundle.unit-test";
		};
/* End PBXNativeTarget section */

/* Begin PBXProject section */
		8D8CAB801A60110E008BE290 /* Project object */ = {
			isa = PBXProject;
			attributes = {
				LastSwiftMigration = 0700;
				LastSwiftUpdateCheck = 0700;
				LastUpgradeCheck = 0700;
				ORGANIZATIONNAME = "Safx Developers";
				TargetAttributes = {
					8D8CAB871A60110E008BE290 = {
						CreatedOnToolsVersion = 6.1.1;
					};
					8D8CAB9E1A60110E008BE290 = {
						CreatedOnToolsVersion = 6.1.1;
						TestTargetID = 8D8CAB871A60110E008BE290;
					};
				};
			};
			buildConfigurationList = 8D8CAB831A60110E008BE290 /* Build configuration list for PBXProject "DiffableArray" */;
			compatibilityVersion = "Xcode 3.2";
			developmentRegion = English;
			hasScannedForEncodings = 0;
			knownRegions = (
				en,
				Base,
			);
			mainGroup = 8D8CAB7F1A60110E008BE290;
			productRefGroup = 8D8CAB891A60110E008BE290 /* Products */;
			projectDirPath = "";
			projectRoot = "";
			targets = (
				8D8CAB871A60110E008BE290 /* DiffableArray */,
				8D8CAB9E1A60110E008BE290 /* DiffableArrayTests */,
			);
		};
/* End PBXProject section */

/* Begin PBXResourcesBuildPhase section */
		8D8CAB861A60110E008BE290 /* Resources */ = {
			isa = PBXResourcesBuildPhase;
			buildActionMask = 2147483647;
			files = (
				8D8CAB951A60110E008BE290 /* Main.storyboard in Resources */,
				8D8CAB9A1A60110E008BE290 /* LaunchScreen.xib in Resources */,
				8D8CAB971A60110E008BE290 /* Images.xcassets in Resources */,
			);
			runOnlyForDeploymentPostprocessing = 0;
		};
		8D8CAB9D1A60110E008BE290 /* Resources */ = {
			isa = PBXResourcesBuildPhase;
			buildActionMask = 2147483647;
			files = (
			);
			runOnlyForDeploymentPostprocessing = 0;
		};
/* End PBXResourcesBuildPhase section */

/* Begin PBXSourcesBuildPhase section */
		8D8CAB841A60110E008BE290 /* Sources */ = {
			isa = PBXSourcesBuildPhase;
			buildActionMask = 2147483647;
			files = (
				8D8CAB921A60110E008BE290 /* DetailViewController.swift in Sources */,
				8D8CAB901A60110E008BE290 /* MasterViewController.swift in Sources */,
				8D8CABB11A60118C008BE290 /* DiffableArray.swift in Sources */,
				8D8CAB8E1A60110E008BE290 /* AppDelegate.swift in Sources */,
			);
			runOnlyForDeploymentPostprocessing = 0;
		};
		8D8CAB9B1A60110E008BE290 /* Sources */ = {
			isa = PBXSourcesBuildPhase;
			buildActionMask = 2147483647;
			files = (
				8D8CABB21A60119A008BE290 /* DiffableArray.swift in Sources */,
				8D8CABA61A60110E008BE290 /* DiffableArrayTests.swift in Sources */,
			);
			runOnlyForDeploymentPostprocessing = 0;
		};
/* End PBXSourcesBuildPhase section */

/* Begin PBXTargetDependency section */
		8D8CABA11A60110E008BE290 /* PBXTargetDependency */ = {
			isa = PBXTargetDependency;
			target = 8D8CAB871A60110E008BE290 /* DiffableArray */;
			targetProxy = 8D8CABA01A60110E008BE290 /* PBXContainerItemProxy */;
		};
/* End PBXTargetDependency section */

/* Begin PBXVariantGroup section */
		8D8CAB931A60110E008BE290 /* Main.storyboard */ = {
			isa = PBXVariantGroup;
			children = (
				8D8CAB941A60110E008BE290 /* Base */,
			);
			name = Main.storyboard;
			sourceTree = "<group>";
		};
		8D8CAB981A60110E008BE290 /* LaunchScreen.xib */ = {
			isa = PBXVariantGroup;
			children = (
				8D8CAB991A60110E008BE290 /* Base */,
			);
			name = LaunchScreen.xib;
			sourceTree = "<group>";
		};
/* End PBXVariantGroup section */

/* Begin XCBuildConfiguration section */
		8D8CABA71A60110E008BE290 /* Debug */ = {
			isa = XCBuildConfiguration;
			buildSettings = {
				ALWAYS_SEARCH_USER_PATHS = NO;
				CLANG_CXX_LANGUAGE_STANDARD = "gnu++0x";
				CLANG_CXX_LIBRARY = "libc++";
				CLANG_ENABLE_MODULES = YES;
				CLANG_ENABLE_OBJC_ARC = YES;
				CLANG_WARN_BOOL_CONVERSION = YES;
				CLANG_WARN_CONSTANT_CONVERSION = YES;
				CLANG_WARN_DIRECT_OBJC_ISA_USAGE = YES_ERROR;
				CLANG_WARN_EMPTY_BODY = YES;
				CLANG_WARN_ENUM_CONVERSION = YES;
				CLANG_WARN_INT_CONVERSION = YES;
				CLANG_WARN_OBJC_ROOT_CLASS = YES_ERROR;
				CLANG_WARN_UNREACHABLE_CODE = YES;
				CLANG_WARN__DUPLICATE_METHOD_MATCH = YES;
				"CODE_SIGN_IDENTITY[sdk=iphoneos*]" = "iPhone Developer";
				COPY_PHASE_STRIP = NO;
				ENABLE_STRICT_OBJC_MSGSEND = YES;
				ENABLE_TESTABILITY = YES;
				GCC_C_LANGUAGE_STANDARD = gnu99;
				GCC_DYNAMIC_NO_PIC = NO;
				GCC_OPTIMIZATION_LEVEL = 0;
				GCC_PREPROCESSOR_DEFINITIONS = (
					"DEBUG=1",
					"$(inherited)",
				);
				GCC_SYMBOLS_PRIVATE_EXTERN = NO;
				GCC_WARN_64_TO_32_BIT_CONVERSION = YES;
				GCC_WARN_ABOUT_RETURN_TYPE = YES_ERROR;
				GCC_WARN_UNDECLARED_SELECTOR = YES;
				GCC_WARN_UNINITIALIZED_AUTOS = YES_AGGRESSIVE;
				GCC_WARN_UNUSED_FUNCTION = YES;
				GCC_WARN_UNUSED_VARIABLE = YES;
				IPHONEOS_DEPLOYMENT_TARGET = 8.1;
				MTL_ENABLE_DEBUG_INFO = YES;
				ONLY_ACTIVE_ARCH = YES;
				SDKROOT = iphoneos;
				SWIFT_OPTIMIZATION_LEVEL = "-Onone";
				TARGETED_DEVICE_FAMILY = "1,2";
			};
			name = Debug;
		};
		8D8CABA81A60110E008BE290 /* Release */ = {
			isa = XCBuildConfiguration;
			buildSettings = {
				ALWAYS_SEARCH_USER_PATHS = NO;
				CLANG_CXX_LANGUAGE_STANDARD = "gnu++0x";
				CLANG_CXX_LIBRARY = "libc++";
				CLANG_ENABLE_MODULES = YES;
				CLANG_ENABLE_OBJC_ARC = YES;
				CLANG_WARN_BOOL_CONVERSION = YES;
				CLANG_WARN_CONSTANT_CONVERSION = YES;
				CLANG_WARN_DIRECT_OBJC_ISA_USAGE = YES_ERROR;
				CLANG_WARN_EMPTY_BODY = YES;
				CLANG_WARN_ENUM_CONVERSION = YES;
				CLANG_WARN_INT_CONVERSION = YES;
				CLANG_WARN_OBJC_ROOT_CLASS = YES_ERROR;
				CLANG_WARN_UNREACHABLE_CODE = YES;
				CLANG_WARN__DUPLICATE_METHOD_MATCH = YES;
				"CODE_SIGN_IDENTITY[sdk=iphoneos*]" = "iPhone Developer";
				COPY_PHASE_STRIP = YES;
				ENABLE_NS_ASSERTIONS = NO;
				ENABLE_STRICT_OBJC_MSGSEND = YES;
				GCC_C_LANGUAGE_STANDARD = gnu99;
				GCC_WARN_64_TO_32_BIT_CONVERSION = YES;
				GCC_WARN_ABOUT_RETURN_TYPE = YES_ERROR;
				GCC_WARN_UNDECLARED_SELECTOR = YES;
				GCC_WARN_UNINITIALIZED_AUTOS = YES_AGGRESSIVE;
				GCC_WARN_UNUSED_FUNCTION = YES;
				GCC_WARN_UNUSED_VARIABLE = YES;
				IPHONEOS_DEPLOYMENT_TARGET = 8.1;
				MTL_ENABLE_DEBUG_INFO = NO;
				SDKROOT = iphoneos;
				TARGETED_DEVICE_FAMILY = "1,2";
				VALIDATE_PRODUCT = YES;
			};
			name = Release;
		};
		8D8CABAA1A60110E008BE290 /* Debug */ = {
			isa = XCBuildConfiguration;
			buildSettings = {
				ASSETCATALOG_COMPILER_APPICON_NAME = AppIcon;
				INFOPLIST_FILE = "$(SRCROOT)/DiffableArraySample/Info.plist";
				LD_RUNPATH_SEARCH_PATHS = "$(inherited) @executable_path/Frameworks";
				PRODUCT_BUNDLE_IDENTIFIER = "com.blogspot.safx-dev.$(PRODUCT_NAME:rfc1034identifier)";
				PRODUCT_NAME = "$(TARGET_NAME)";
			};
			name = Debug;
		};
		8D8CABAB1A60110E008BE290 /* Release */ = {
			isa = XCBuildConfiguration;
			buildSettings = {
				ASSETCATALOG_COMPILER_APPICON_NAME = AppIcon;
				INFOPLIST_FILE = "$(SRCROOT)/DiffableArraySample/Info.plist";
				LD_RUNPATH_SEARCH_PATHS = "$(inherited) @executable_path/Frameworks";
				PRODUCT_BUNDLE_IDENTIFIER = "com.blogspot.safx-dev.$(PRODUCT_NAME:rfc1034identifier)";
				PRODUCT_NAME = "$(TARGET_NAME)";
			};
			name = Release;
		};
		8D8CABAD1A60110E008BE290 /* Debug */ = {
			isa = XCBuildConfiguration;
			buildSettings = {
				BUNDLE_LOADER = "$(TEST_HOST)";
				FRAMEWORK_SEARCH_PATHS = "$(inherited)";
				GCC_PREPROCESSOR_DEFINITIONS = (
					"DEBUG=1",
					"$(inherited)",
				);
				INFOPLIST_FILE = DiffableArrayTests/Info.plist;
				LD_RUNPATH_SEARCH_PATHS = "$(inherited) @executable_path/Frameworks @loader_path/Frameworks";
				PRODUCT_BUNDLE_IDENTIFIER = "com.blogspot.safx-dev.$(PRODUCT_NAME:rfc1034identifier)";
				PRODUCT_NAME = "$(TARGET_NAME)";
				TEST_HOST = "$(BUILT_PRODUCTS_DIR)/DiffableArray.app/DiffableArray";
			};
			name = Debug;
		};
		8D8CABAE1A60110E008BE290 /* Release */ = {
			isa = XCBuildConfiguration;
			buildSettings = {
				BUNDLE_LOADER = "$(TEST_HOST)";
				FRAMEWORK_SEARCH_PATHS = "$(inherited)";
				INFOPLIST_FILE = DiffableArrayTests/Info.plist;
				LD_RUNPATH_SEARCH_PATHS = "$(inherited) @executable_path/Frameworks @loader_path/Frameworks";
				PRODUCT_BUNDLE_IDENTIFIER = "com.blogspot.safx-dev.$(PRODUCT_NAME:rfc1034identifier)";
				PRODUCT_NAME = "$(TARGET_NAME)";
				TEST_HOST = "$(BUILT_PRODUCTS_DIR)/DiffableArray.app/DiffableArray";
			};
			name = Release;
		};
/* End XCBuildConfiguration section */

/* Begin XCConfigurationList section */
		8D8CAB831A60110E008BE290 /* Build configuration list for PBXProject "DiffableArray" */ = {
			isa = XCConfigurationList;
			buildConfigurations = (
				8D8CABA71A60110E008BE290 /* Debug */,
				8D8CABA81A60110E008BE290 /* Release */,
			);
			defaultConfigurationIsVisible = 0;
			defaultConfigurationName = Release;
		};
		8D8CABA91A60110E008BE290 /* Build configuration list for PBXNativeTarget "DiffableArray" */ = {
			isa = XCConfigurationList;
			buildConfigurations = (
				8D8CABAA1A60110E008BE290 /* Debug */,
				8D8CABAB1A60110E008BE290 /* Release */,
			);
			defaultConfigurationIsVisible = 0;
			defaultConfigurationName = Release;
		};
		8D8CABAC1A60110E008BE290 /* Build configuration list for PBXNativeTarget "DiffableArrayTests" */ = {
			isa = XCConfigurationList;
			buildConfigurations = (
				8D8CABAD1A60110E008BE290 /* Debug */,
				8D8CABAE1A60110E008BE290 /* Release */,
			);
			defaultConfigurationIsVisible = 0;
			defaultConfigurationName = Release;
		};
/* End XCConfigurationList section */
	};
	rootObject = 8D8CAB801A60110E008BE290 /* Project object */;
}
